
Microsoft Visual Studio Solution File, Format Version 12.00
# Visual Studio 15
VisualStudioVersion = 15.0.28307.102
MinimumVisualStudioVersion = 10.0.40219.1
Project("{FAE04EC0-301F-11D3-BF4B-00C04F79EFBC}") = "FileNameManager", "FileNameManager\FileNameManager.csproj", "{E38D916D-B1D6-4DFB-BCAE-DBB941595EF5}"
EndProject
Project("{FAE04EC0-301F-11D3-BF4B-00C04F79EFBC}") = "FileNameManagerTests", "FileNameManagerTests\FileNameManagerTests.csproj", "{EA5A3EF1-DEAC-4ADF-9846-681AA0E12EB3}"
EndProject
Global
	GlobalSection(SolutionConfigurationPlatforms) = preSolution
		Debug|Any CPU = Debug|Any CPU
		Release|Any CPU = Release|Any CPU
	EndGlobalSection
	GlobalSection(ProjectConfigurationPlatforms) = postSolution
		{E38D916D-B1D6-4DFB-BCAE-DBB941595EF5}.Debug|Any CPU.ActiveCfg = Debug|Any CPU
		{E38D916D-B1D6-4DFB-BCAE-DBB941595EF5}.Debug|Any CPU.Build.0 = Debug|Any CPU
		{E38D916D-B1D6-4DFB-BCAE-DBB941595EF5}.Release|Any CPU.ActiveCfg = Release|Any CPU
		{E38D916D-B1D6-4DFB-BCAE-DBB941595EF5}.Release|Any CPU.Build.0 = Release|Any CPU
		{EA5A3EF1-DEAC-4ADF-9846-681AA0E12EB3}.Debug|Any CPU.ActiveCfg = Debug|Any CPU
		{EA5A3EF1-DEAC-4ADF-9846-681AA0E12EB3}.Debug|Any CPU.Build.0 = Debug|Any CPU
		{EA5A3EF1-DEAC-4ADF-9846-681AA0E12EB3}.Release|Any CPU.ActiveCfg = Release|Any CPU
		{EA5A3EF1-DEAC-4ADF-9846-681AA0E12EB3}.Release|Any CPU.Build.0 = Release|Any CPU
	EndGlobalSection
	GlobalSection(SolutionProperties) = preSolution
		HideSolutionNode = FALSE
	EndGlobalSection
	GlobalSection(ExtensibilityGlobals) = postSolution
		SolutionGuid = {6570BEB2-7E56-4239-892A-0FDA2DC450E9}
	EndGlobalSection
EndGlobal
